
Microsoft Visual Studio Solution File, Format Version 12.00
# Visual Studio Version 16
VisualStudioVersion = 16.0.30011.22
MinimumVisualStudioVersion = 10.0.40219.1
Project("{8BC9CEB8-8B4A-11D0-8D11-00A0C91BC942}") = "QtDialogueSystem", "QtDialogueSystem.vcxproj", "{A384B3E4-121D-4165-B9C3-A9F82402FB09}"
EndProject
Global
	GlobalSection(SolutionConfigurationPlatforms) = preSolution
		Debug|x86 = Debug|x86
		Release|x86 = Release|x86
	EndGlobalSection
	GlobalSection(ProjectConfigurationPlatforms) = postSolution
		{A384B3E4-121D-4165-B9C3-A9F82402FB09}.Debug|x86.ActiveCfg = Debug|Win32
		{A384B3E4-121D-4165-B9C3-A9F82402FB09}.Debug|x86.Build.0 = Debug|Win32
		{A384B3E4-121D-4165-B9C3-A9F82402FB09}.Release|x86.ActiveCfg = Release|Win32
		{A384B3E4-121D-4165-B9C3-A9F82402FB09}.Release|x86.Build.0 = Release|Win32
	EndGlobalSection
	GlobalSection(SolutionProperties) = preSolution
		HideSolutionNode = FALSE
	EndGlobalSection
	GlobalSection(ExtensibilityGlobals) = postSolution
		SolutionGuid = {A087790C-458D-4B7A-92E1-88C005FF7FAD}
	EndGlobalSection
EndGlobal
